
Microsoft Visual Studio Solution File, Format Version 12.00
# Visual Studio 15
VisualStudioVersion = 15.0.27004.2009
MinimumVisualStudioVersion = 10.0.40219.1
Project("{FAE04EC0-301F-11D3-BF4B-00C04F79EFBC}") = "PDF OCR.Cloud", "PDF OCR.Cloud.csproj", "{4098C25E-6BA8-48AA-85DA-D821895021B4}"
EndProject
Global
	GlobalSection(SolutionConfigurationPlatforms) = preSolution
		Debug|Any CPU = Debug|Any CPU
		Release|Any CPU = Release|Any CPU
	EndGlobalSection
	GlobalSection(ProjectConfigurationPlatforms) = postSolution
		{4098C25E-6BA8-48AA-85DA-D821895021B4}.Debug|Any CPU.ActiveCfg = Debug|Any CPU
		{4098C25E-6BA8-48AA-85DA-D821895021B4}.Debug|Any CPU.Build.0 = Debug|Any CPU
		{4098C25E-6BA8-48AA-85DA-D821895021B4}.Release|Any CPU.ActiveCfg = Release|Any CPU
		{4098C25E-6BA8-48AA-85DA-D821895021B4}.Release|Any CPU.Build.0 = Release|Any CPU
	EndGlobalSection
	GlobalSection(SolutionProperties) = preSolution
		HideSolutionNode = FALSE
	EndGlobalSection
	GlobalSection(ExtensibilityGlobals) = postSolution
		SolutionGuid = {61688D99-49F2-409F-8671-2BF576AB855D}
	EndGlobalSection
EndGlobal
